
Microsoft Visual Studio Solution File, Format Version 12.00
# Visual Studio Version 17
VisualStudioVersion = 17.14.36717.8
MinimumVisualStudioVersion = 10.0.40219.1
Project("{FAE04EC0-301F-11D3-BF4B-00C04F79EFBC}") = "UnitOfWorkAPI", "UnitOfWorkAPI\UnitOfWorkAPI.csproj", "{DC5E1AF8-28CB-4708-B932-05E92596E389}"
EndProject
Project("{FAE04EC0-301F-11D3-BF4B-00C04F79EFBC}") = "UnitOfWorkAPI.Tests", "UnitOfWorkAPI.Tests\UnitOfWorkAPI.Tests.csproj", "{4D1A69CE-5D9E-FA41-6535-965C938B195F}"
EndProject
Global
	GlobalSection(SolutionConfigurationPlatforms) = preSolution
		Debug|Any CPU = Debug|Any CPU
		Release|Any CPU = Release|Any CPU
	EndGlobalSection
	GlobalSection(ProjectConfigurationPlatforms) = postSolution
		{DC5E1AF8-28CB-4708-B932-05E92596E389}.Debug|Any CPU.ActiveCfg = Debug|Any CPU
		{DC5E1AF8-28CB-4708-B932-05E92596E389}.Debug|Any CPU.Build.0 = Debug|Any CPU
		{DC5E1AF8-28CB-4708-B932-05E92596E389}.Release|Any CPU.ActiveCfg = Release|Any CPU
		{DC5E1AF8-28CB-4708-B932-05E92596E389}.Release|Any CPU.Build.0 = Release|Any CPU
		{4D1A69CE-5D9E-FA41-6535-965C938B195F}.Debug|Any CPU.ActiveCfg = Debug|Any CPU
		{4D1A69CE-5D9E-FA41-6535-965C938B195F}.Debug|Any CPU.Build.0 = Debug|Any CPU
		{4D1A69CE-5D9E-FA41-6535-965C938B195F}.Release|Any CPU.ActiveCfg = Release|Any CPU
		{4D1A69CE-5D9E-FA41-6535-965C938B195F}.Release|Any CPU.Build.0 = Release|Any CPU
	EndGlobalSection
	GlobalSection(SolutionProperties) = preSolution
		HideSolutionNode = FALSE
	EndGlobalSection
	GlobalSection(ExtensibilityGlobals) = postSolution
		SolutionGuid = {70CDD3EC-CE5E-46E2-8752-D84E6B09BD40}
	EndGlobalSection
EndGlobal
